{
  "name": "casinoslots",
  "version": "1.0.0",
  "lockfileVersion": 2,
  "requires": true,
  "packages": {
    "": {
      "name": "casinoslots",
      "version": "1.0.0",
      "license": "ISC",
      "dependencies": {
        "replcraft": "^1.0.1"
      }
    },
    "node_modules/replcraft": {
      "version": "1.0.1",
      "resolved": "https://registry.npmjs.org/replcraft/-/replcraft-1.0.1.tgz",
      "integrity": "sha512-sZHHz8GCNIsK8URHSJJwTP9gwYaPTxb29Nkuv239FHE9mmFfGI/hm7stJjDeSVd3zvEG4N7pTXPLEARgk8+/cw==",
      "dependencies": {
        "ws": "^8.6.0"
      }
    },
    "node_modules/ws": {
      "version": "8.6.0",
      "resolved": "https://registry.npmjs.org/ws/-/ws-8.6.0.tgz",
      "integrity": "sha512-AzmM3aH3gk0aX7/rZLYvjdvZooofDu3fFOzGqcSnQ1tOcTWwhM/o+q++E8mAyVVIyUdajrkzWUGftaVSDLn1bw==",
      "engines": {
        "node": ">=10.0.0"
      },
      "peerDependencies": {
        "bufferutil": "^4.0.1",
        "utf-8-validate": "^5.0.2"
      },
      "peerDependenciesMeta": {
        "bufferutil": {
          "optional": true
        },
        "utf-8-validate": {
          "optional": true
        }
      }
    }
  },
  "dependencies": {
    "replcraft": {
      "version": "1.0.1",
      "resolved": "https://registry.npmjs.org/replcraft/-/replcraft-1.0.1.tgz",
      "integrity": "sha512-sZHHz8GCNIsK8URHSJJwTP9gwYaPTxb29Nkuv239FHE9mmFfGI/hm7stJjDeSVd3zvEG4N7pTXPLEARgk8+/cw==",
      "requires": {
        "ws": "^8.6.0"
      }
    },
    "ws": {
      "version": "8.6.0",
      "resolved": "https://registry.npmjs.org/ws/-/ws-8.6.0.tgz",
      "integrity": "sha512-AzmM3aH3gk0aX7/rZLYvjdvZooofDu3fFOzGqcSnQ1tOcTWwhM/o+q++E8mAyVVIyUdajrkzWUGftaVSDLn1bw==",
      "requires": {}
    }
  }
}
